
Microsoft Visual Studio Solution File, Format Version 12.00
# Visual Studio Version 17
VisualStudioVersion = 17.1.32407.343
MinimumVisualStudioVersion = 10.0.40219.1
Project("{FAE04EC0-301F-11D3-BF4B-00C04F79EFBC}") = "Serilog.Sinks.RichTextBox.WinForms.Colored.Tests", "Serilog.Sinks.RichTextBox.WinForms.Colored.Tests\Serilog.Sinks.RichTextBox.WinForms.Colored.Tests.csproj", "{44CC239B-A89C-4A3F-B1B9-BCD62431BC1C}"
EndProject
Project("{FAE04EC0-301F-11D3-BF4B-00C04F79EFBC}") = "Serilog.Sinks.RichTextBox.WinForms.Colored", "Serilog.Sinks.RichTextBox.WinForms.Colored\Serilog.Sinks.RichTextBox.WinForms.Colored.csproj", "{2852A103-530D-4160-93D2-029764AA997E}"
EndProject
Project("{FAE04EC0-301F-11D3-BF4B-00C04F79EFBC}") = "Demo", "Demo\Demo.csproj", "{53953B2A-3751-4F90-A041-2B58D34DC6A5}"
EndProject
Global
	GlobalSection(SolutionConfigurationPlatforms) = preSolution
		Debug|Any CPU = Debug|Any CPU
		Release|Any CPU = Release|Any CPU
	EndGlobalSection
	GlobalSection(ProjectConfigurationPlatforms) = postSolution
		{44CC239B-A89C-4A3F-B1B9-BCD62431BC1C}.Debug|Any CPU.ActiveCfg = Debug|Any CPU
		{44CC239B-A89C-4A3F-B1B9-BCD62431BC1C}.Debug|Any CPU.Build.0 = Debug|Any CPU
		{44CC239B-A89C-4A3F-B1B9-BCD62431BC1C}.Release|Any CPU.ActiveCfg = Release|Any CPU
		{44CC239B-A89C-4A3F-B1B9-BCD62431BC1C}.Release|Any CPU.Build.0 = Release|Any CPU
		{2852A103-530D-4160-93D2-029764AA997E}.Debug|Any CPU.ActiveCfg = Debug|Any CPU
		{2852A103-530D-4160-93D2-029764AA997E}.Debug|Any CPU.Build.0 = Debug|Any CPU
		{2852A103-530D-4160-93D2-029764AA997E}.Release|Any CPU.ActiveCfg = Release|Any CPU
		{2852A103-530D-4160-93D2-029764AA997E}.Release|Any CPU.Build.0 = Release|Any CPU
		{53953B2A-3751-4F90-A041-2B58D34DC6A5}.Debug|Any CPU.ActiveCfg = Debug|Any CPU
		{53953B2A-3751-4F90-A041-2B58D34DC6A5}.Debug|Any CPU.Build.0 = Debug|Any CPU
		{53953B2A-3751-4F90-A041-2B58D34DC6A5}.Release|Any CPU.ActiveCfg = Release|Any CPU
		{53953B2A-3751-4F90-A041-2B58D34DC6A5}.Release|Any CPU.Build.0 = Release|Any CPU
	EndGlobalSection
	GlobalSection(SolutionProperties) = preSolution
		HideSolutionNode = FALSE
	EndGlobalSection
	GlobalSection(ExtensibilityGlobals) = postSolution
		SolutionGuid = {FAFC5B5A-4FA8-40D3-8C1D-40B998E30A48}
	EndGlobalSection
EndGlobal
