
Microsoft Visual Studio Solution File, Format Version 12.00
# Visual Studio Version 17
VisualStudioVersion = 17.1.32407.343
MinimumVisualStudioVersion = 10.0.40219.1
Project("{9A19103F-16F7-4668-BE54-9A1E7A4F7556}") = "Serilog.Sinks.RichTextBox.WinForms", "Serilog.Sinks.RichTextBox.WinForms\Serilog.Sinks.RichTextBox.WinForms.csproj", "{9955A00D-4F74-41B6-8B96-F3B469012D99}"
EndProject
Project("{9A19103F-16F7-4668-BE54-9A1E7A4F7556}") = "SampleForm", "SampleForm\SampleForm.csproj", "{8E70C7F3-EDFE-48F7-98CE-CE8441F1F94F}"
EndProject
Global
	GlobalSection(SolutionConfigurationPlatforms) = preSolution
		Debug|Any CPU = Debug|Any CPU
		Release|Any CPU = Release|Any CPU
	EndGlobalSection
	GlobalSection(ProjectConfigurationPlatforms) = postSolution
		{9955A00D-4F74-41B6-8B96-F3B469012D99}.Debug|Any CPU.ActiveCfg = Debug|Any CPU
		{9955A00D-4F74-41B6-8B96-F3B469012D99}.Debug|Any CPU.Build.0 = Debug|Any CPU
		{9955A00D-4F74-41B6-8B96-F3B469012D99}.Release|Any CPU.ActiveCfg = Release|Any CPU
		{9955A00D-4F74-41B6-8B96-F3B469012D99}.Release|Any CPU.Build.0 = Release|Any CPU
		{8E70C7F3-EDFE-48F7-98CE-CE8441F1F94F}.Debug|Any CPU.ActiveCfg = Debug|Any CPU
		{8E70C7F3-EDFE-48F7-98CE-CE8441F1F94F}.Debug|Any CPU.Build.0 = Debug|Any CPU
		{8E70C7F3-EDFE-48F7-98CE-CE8441F1F94F}.Release|Any CPU.ActiveCfg = Release|Any CPU
		{8E70C7F3-EDFE-48F7-98CE-CE8441F1F94F}.Release|Any CPU.Build.0 = Release|Any CPU
	EndGlobalSection
	GlobalSection(SolutionProperties) = preSolution
		HideSolutionNode = FALSE
	EndGlobalSection
	GlobalSection(ExtensibilityGlobals) = postSolution
		SolutionGuid = {FAFC5B5A-4FA8-40D3-8C1D-40B998E30A48}
	EndGlobalSection
EndGlobal
